lockfileVersion: '6.0'

settings:
  autoInstallPeers: true
  excludeLinksFromLockfile: false

dependencies:
  inquirer:
    specifier: ^10.0.3
    version: 10.0.3

devDependencies:
  fs-extra:
    specifier: ^11.2.0
    version: 11.2.0

packages:

  /@inquirer/checkbox@2.4.2:
    resolution: {integrity: sha512-iZRNbTlSB9xXt/+jdMFViBdxw1ILWu3365rzfM5OLwAyOScbDFFGSH7LEUwoq1uOIo48ymOEwYSqP5y8hQMlmA==}
    engines: {node: '>=18'}
    dependencies:
      '@inquirer/core': 9.0.5
      '@inquirer/figures': 1.0.5
      '@inquirer/type': 1.5.1
      ansi-escapes: 4.3.2
      yoctocolors-cjs: 2.1.2
    dev: false

  /@inquirer/confirm@3.1.17:
    resolution: {integrity: sha512-qCpt/AABzPynz8tr69VDvhcjwmzAryipWXtW8Vi6m651da4H/d0Bdn55LkxXD7Rp2gfgxvxzTdb66AhIA8gzBA==}
    engines: {node: '>=18'}
    dependencies:
      '@inquirer/core': 9.0.5
      '@inquirer/type': 1.5.1
    dev: false

  /@inquirer/core@9.0.5:
    resolution: {integrity: sha512-QWG41I7vn62O9stYKg/juKXt1PEbr/4ZZCPb4KgXDQGwgA9M5NBTQ7FnOvT1ridbxkm/wTxLCNraUs7y47pIRQ==}
    engines: {node: '>=18'}
    dependencies:
      '@inquirer/figures': 1.0.5
      '@inquirer/type': 1.5.1
      '@types/mute-stream': 0.0.4
      '@types/node': 20.14.11
      '@types/wrap-ansi': 3.0.0
      ansi-escapes: 4.3.2
      cli-spinners: 2.9.2
      cli-width: 4.1.0
      mute-stream: 1.0.0
      signal-exit: 4.1.0
      strip-ansi: 6.0.1
      wrap-ansi: 6.2.0
      yoctocolors-cjs: 2.1.2
    dev: false

  /@inquirer/editor@2.1.17:
    resolution: {integrity: sha512-hwx3VpFQzOY2hFWnY+XPsUGCIUVQ5kYxH6+CExv/RbMiAoN3zXtzj8DyrWBOHami0vBrrnPS8CTq3uQWc7N2BA==}
    engines: {node: '>=18'}
    dependencies:
      '@inquirer/core': 9.0.5
      '@inquirer/type': 1.5.1
      external-editor: 3.1.0
    dev: false

  /@inquirer/expand@2.1.17:
    resolution: {integrity: sha512-s4V/dC+GeE5s97xoTtZSmC440uNKePKqZgzqEf0XM63ciilnXAtKGvoAWOePFdlK+oGTz0d8bhbPKwpKGvRYfg==}
    engines: {node: '>=18'}
    dependencies:
      '@inquirer/core': 9.0.5
      '@inquirer/type': 1.5.1
      yoctocolors-cjs: 2.1.2
    dev: false

  /@inquirer/figures@1.0.5:
    resolution: {integrity: sha512-79hP/VWdZ2UVc9bFGJnoQ/lQMpL74mGgzSYX1xUqCVk7/v73vJCMw1VuyWN1jGkZ9B3z7THAbySqGbCNefcjfA==}
    engines: {node: '>=18'}
    dev: false

  /@inquirer/input@2.2.4:
    resolution: {integrity: sha512-wvYnDITPQn+ltktj/O9kQjPxOvpmwcpxLWh8brAyD+jlEbihxtrx9cZdZcxqaCVQj3caw4eZa2Uq5xELo4yXkA==}
    engines: {node: '>=18'}
    dependencies:
      '@inquirer/core': 9.0.5
      '@inquirer/type': 1.5.1
    dev: false

  /@inquirer/number@1.0.5:
    resolution: {integrity: sha512-+H6TJPU2AJEcoF6nVTWssxS7gnhxWvf6CkILAdfq/yGm/htBKNDrvYLYaJvi1Be/aXQoKID9FaP94bUCjOvJNQ==}
    engines: {node: '>=18'}
    dependencies:
      '@inquirer/core': 9.0.5
      '@inquirer/type': 1.5.1
    dev: false

  /@inquirer/password@2.1.17:
    resolution: {integrity: sha512-/u6DM/fDHXoBWyA+9aRhghkeo5smE7wO9k4E2UoJbgiRCkt3JjBEuBqLOJNrz8E16M0ez4UM1vd5cXrmICHW+A==}
    engines: {node: '>=18'}
    dependencies:
      '@inquirer/core': 9.0.5
      '@inquirer/type': 1.5.1
      ansi-escapes: 4.3.2
    dev: false

  /@inquirer/prompts@5.3.0:
    resolution: {integrity: sha512-r12wsB23AFTEirWJY8TyMItyfgVB/lk8Hu8gwgOW2+4U5pkiBmUE3mkucz6BRQ2jbvg4jwpbyGSmJ5T/Wo2BRQ==}
    engines: {node: '>=18'}
    dependencies:
      '@inquirer/checkbox': 2.4.2
      '@inquirer/confirm': 3.1.17
      '@inquirer/editor': 2.1.17
      '@inquirer/expand': 2.1.17
      '@inquirer/input': 2.2.4
      '@inquirer/number': 1.0.5
      '@inquirer/password': 2.1.17
      '@inquirer/rawlist': 2.1.17
      '@inquirer/search': 1.0.0
      '@inquirer/select': 2.4.2
    dev: false

  /@inquirer/rawlist@2.1.17:
    resolution: {integrity: sha512-RFrw34xU5aVlMA3ZJCaeKGxYjhu3j4i46O2GMmaRRGeLObCRM1yOKQOsRclSTzjd4A7+M5QleR2iuW/68J9Kwg==}
    engines: {node: '>=18'}
    dependencies:
      '@inquirer/core': 9.0.5
      '@inquirer/type': 1.5.1
      yoctocolors-cjs: 2.1.2
    dev: false

  /@inquirer/search@1.0.0:
    resolution: {integrity: sha512-hDx//88Ry8UZSiIbJKLhZ93yVETrziKGhhsRr9x3zovqRcjBoNroVpSxTz4wVWfeaq7UWeRCSW5LfoKep5fiiw==}
    engines: {node: '>=18'}
    dependencies:
      '@inquirer/core': 9.0.5
      '@inquirer/figures': 1.0.5
      '@inquirer/type': 1.5.1
      yoctocolors-cjs: 2.1.2
    dev: false

  /@inquirer/select@2.4.2:
    resolution: {integrity: sha512-r78JlgShqRxyAtBDeBHSDtfrOhSQwm2ecWGGaxe7kD9JwgL3UN563G1ncVRYdsWD7/tigflcskfipVeoDLhLJg==}
    engines: {node: '>=18'}
    dependencies:
      '@inquirer/core': 9.0.5
      '@inquirer/figures': 1.0.5
      '@inquirer/type': 1.5.1
      ansi-escapes: 4.3.2
      yoctocolors-cjs: 2.1.2
    dev: false

  /@inquirer/type@1.5.1:
    resolution: {integrity: sha512-m3YgGQlKNS0BM+8AFiJkCsTqHEFCWn6s/Rqye3mYwvqY6LdfUv12eSwbsgNzrYyrLXiy7IrrjDLPysaSBwEfhw==}
    engines: {node: '>=18'}
    dependencies:
      mute-stream: 1.0.0
    dev: false

  /@types/mute-stream@0.0.4:
    resolution: {integrity: sha512-CPM9nzrCPPJHQNA9keH9CVkVI+WR5kMa+7XEs5jcGQ0VoAGnLv242w8lIVgwAEfmE4oufJRaTc9PNLQl0ioAow==}
    dependencies:
      '@types/node': 20.14.11
    dev: false

  /@types/node@20.14.11:
    resolution: {integrity: sha512-kprQpL8MMeszbz6ojB5/tU8PLN4kesnN8Gjzw349rDlNgsSzg90lAVj3llK99Dh7JON+t9AuscPPFW6mPbTnSA==}
    dependencies:
      undici-types: 5.26.5
    dev: false

  /@types/wrap-ansi@3.0.0:
    resolution: {integrity: sha512-ltIpx+kM7g/MLRZfkbL7EsCEjfzCcScLpkg37eXEtx5kmrAKBkTJwd1GIAjDSL8wTpM6Hzn5YO4pSb91BEwu1g==}
    dev: false

  /ansi-escapes@4.3.2:
    resolution: {integrity: sha512-gKXj5ALrKWQLsYG9jlTRmR/xKluxHV+Z9QEwNIgCfM1/uwPMCuzVVnh5mwTd+OuBZcwSIMbqssNWRm1lE51QaQ==}
    engines: {node: '>=8'}
    dependencies:
      type-fest: 0.21.3
    dev: false

  /ansi-regex@5.0.1:
    resolution: {integrity: sha512-quJQXlTSUGL2LH9SUXo8VwsY4soanhgo6LNSm84E1LBcE8s3O0wpdiRzyR9z/ZZJMlMWv37qOOb9pdJlMUEKFQ==}
    engines: {node: '>=8'}
    dev: false

  /ansi-styles@4.3.0:
    resolution: {integrity: sha512-zbB9rCJAT1rbjiVDb2hqKFHNYLxgtk8NURxZ3IZwD3F6NtxbXZQCnnSi1Lkx+IDohdPlFp222wVALIheZJQSEg==}
    engines: {node: '>=8'}
    dependencies:
      color-convert: 2.0.1
    dev: false

  /chardet@0.7.0:
    resolution: {integrity: sha512-mT8iDcrh03qDGRRmoA2hmBJnxpllMR+0/0qlzjqZES6NdiWDcZkCNAk4rPFZ9Q85r27unkiNNg8ZOiwZXBHwcA==}
    dev: false

  /cli-spinners@2.9.2:
    resolution: {integrity: sha512-ywqV+5MmyL4E7ybXgKys4DugZbX0FC6LnwrhjuykIjnK9k8OQacQ7axGKnjDXWNhns0xot3bZI5h55H8yo9cJg==}
    engines: {node: '>=6'}
    dev: false

  /cli-width@4.1.0:
    resolution: {integrity: sha512-ouuZd4/dm2Sw5Gmqy6bGyNNNe1qt9RpmxveLSO7KcgsTnU7RXfsw+/bukWGo1abgBiMAic068rclZsO4IWmmxQ==}
    engines: {node: '>= 12'}
    dev: false

  /color-convert@2.0.1:
    resolution: {integrity: sha512-RRECPsj7iu/xb5oKYcsFHSppFNnsj/52OVTRKb4zP5onXwVF3zVmmToNcOfGC+CRDpfK/U584fMg38ZHCaElKQ==}
    engines: {node: '>=7.0.0'}
    dependencies:
      color-name: 1.1.4
    dev: false

  /color-name@1.1.4:
    resolution: {integrity: sha512-dOy+3AuW3a2wNbZHIuMZpTcgjGuLU/uBL/ubcZF9OXbDo8ff4O8yVp5Bf0efS8uEoYo5q4Fx7dY9OgQGXgAsQA==}
    dev: false

  /emoji-regex@8.0.0:
    resolution: {integrity: sha512-MSjYzcWNOA0ewAHpz0MxpYFvwg6yjy1NG3xteoqz644VCo/RPgnr1/GGt+ic3iJTzQ8Eu3TdM14SawnVUmGE6A==}
    dev: false

  /external-editor@3.1.0:
    resolution: {integrity: sha512-hMQ4CX1p1izmuLYyZqLMO/qGNw10wSv9QDCPfzXfyFrOaCSSoRfqE1Kf1s5an66J5JZC62NewG+mK49jOCtQew==}
    engines: {node: '>=4'}
    dependencies:
      chardet: 0.7.0
      iconv-lite: 0.4.24
      tmp: 0.0.33
    dev: false

  /fs-extra@11.2.0:
    resolution: {integrity: sha512-PmDi3uwK5nFuXh7XDTlVnS17xJS7vW36is2+w3xcv8SVxiB4NyATf4ctkVY5bkSjX0Y4nbvZCq1/EjtEyr9ktw==}
    engines: {node: '>=14.14'}
    dependencies:
      graceful-fs: 4.2.11
      jsonfile: 6.1.0
      universalify: 2.0.1
    dev: true

  /graceful-fs@4.2.11:
    resolution: {integrity: sha512-RbJ5/jmFcNNCcDV5o9eTnBLJ/HszWV0P73bc+Ff4nS/rJj+YaS6IGyiOL0VoBYX+l1Wrl3k63h/KrH+nhJ0XvQ==}
    dev: true

  /iconv-lite@0.4.24:
    resolution: {integrity: sha512-v3MXnZAcvnywkTUEZomIActle7RXXeedOR31wwl7VlyoXO4Qi9arvSenNQWne1TcRwhCL1HwLI21bEqdpj8/rA==}
    engines: {node: '>=0.10.0'}
    dependencies:
      safer-buffer: 2.1.2
    dev: false

  /inquirer@10.0.3:
    resolution: {integrity: sha512-/PxdZLy7YgrD5GFIBqUDy08jt73YVRzXrRJqv0Kfe4jJ2tPBhbr16r7OKkHEJ/Bd/0GgOLYSeqtQS/01YS5Pow==}
    engines: {node: '>=18'}
    dependencies:
      '@inquirer/prompts': 5.3.0
      '@inquirer/type': 1.5.1
      '@types/mute-stream': 0.0.4
      ansi-escapes: 4.3.2
      mute-stream: 1.0.0
      run-async: 3.0.0
      rxjs: 7.8.1
    dev: false

  /is-fullwidth-code-point@3.0.0:
    resolution: {integrity: sha512-zymm5+u+sCsSWyD9qNaejV3DFvhCKclKdizYaJUuHA83RLjb7nSuGnddCHGv0hk+KY7BMAlsWeK4Ueg6EV6XQg==}
    engines: {node: '>=8'}
    dev: false

  /jsonfile@6.1.0:
    resolution: {integrity: sha512-5dgndWOriYSm5cnYaJNhalLNDKOqFwyDB/rr1E9ZsGciGvKPs8R2xYGCacuf3z6K1YKDz182fd+fY3cn3pMqXQ==}
    dependencies:
      universalify: 2.0.1
    optionalDependencies:
      graceful-fs: 4.2.11
    dev: true

  /mute-stream@1.0.0:
    resolution: {integrity: sha512-avsJQhyd+680gKXyG/sQc0nXaC6rBkPOfyHYcFb9+hdkqQkR9bdnkJ0AMZhke0oesPqIO+mFFJ+IdBc7mst4IA==}
    engines: {node: ^14.17.0 || ^16.13.0 || >=18.0.0}
    dev: false

  /os-tmpdir@1.0.2:
    resolution: {integrity: sha512-D2FR03Vir7FIu45XBY20mTb+/ZSWB00sjU9jdQXt83gDrI4Ztz5Fs7/yy74g2N5SVQY4xY1qDr4rNddwYRVX0g==}
    engines: {node: '>=0.10.0'}
    dev: false

  /run-async@3.0.0:
    resolution: {integrity: sha512-540WwVDOMxA6dN6We19EcT9sc3hkXPw5mzRNGM3FkdN/vtE9NFvj5lFAPNwUDmJjXidm3v7TC1cTE7t17Ulm1Q==}
    engines: {node: '>=0.12.0'}
    dev: false

  /rxjs@7.8.1:
    resolution: {integrity: sha512-AA3TVj+0A2iuIoQkWEK/tqFjBq2j+6PO6Y0zJcvzLAFhEFIO3HL0vls9hWLncZbAAbK0mar7oZ4V079I/qPMxg==}
    dependencies:
      tslib: 2.6.3
    dev: false

  /safer-buffer@2.1.2:
    resolution: {integrity: sha512-YZo3K82SD7Riyi0E1EQPojLz7kpepnSQI9IyPbHHg1XXXevb5dJI7tpyN2ADxGcQbHG7vcyRHk0cbwqcQriUtg==}
    dev: false

  /signal-exit@4.1.0:
    resolution: {integrity: sha512-bzyZ1e88w9O1iNJbKnOlvYTrWPDl46O1bG0D3XInv+9tkPrxrN8jUUTiFlDkkmKWgn1M6CfIA13SuGqOa9Korw==}
    engines: {node: '>=14'}
    dev: false

  /string-width@4.2.3:
    resolution: {integrity: sha512-wKyQRQpjJ0sIp62ErSZdGsjMJWsap5oRNihHhu6G7JVO/9jIB6UyevL+tXuOqrng8j/cxKTWyWUwvSTriiZz/g==}
    engines: {node: '>=8'}
    dependencies:
      emoji-regex: 8.0.0
      is-fullwidth-code-point: 3.0.0
      strip-ansi: 6.0.1
    dev: false

  /strip-ansi@6.0.1:
    resolution: {integrity: sha512-Y38VPSHcqkFrCpFnQ9vuSXmquuv5oXOKpGeT6aGrr3o3Gc9AlVa6JBfUSOCnbxGGZF+/0ooI7KrPuUSztUdU5A==}
    engines: {node: '>=8'}
    dependencies:
      ansi-regex: 5.0.1
    dev: false

  /tmp@0.0.33:
    resolution: {integrity: sha512-jRCJlojKnZ3addtTOjdIqoRuPEKBvNXcGYqzO6zWZX8KfKEpnGY5jfggJQ3EjKuu8D4bJRr0y+cYJFmYbImXGw==}
    engines: {node: '>=0.6.0'}
    dependencies:
      os-tmpdir: 1.0.2
    dev: false

  /tslib@2.6.3:
    resolution: {integrity: sha512-xNvxJEOUiWPGhUuUdQgAJPKOOJfGnIyKySOc09XkKsgdUV/3E2zvwZYdejjmRgPCgcym1juLH3226yA7sEFJKQ==}
    dev: false

  /type-fest@0.21.3:
    resolution: {integrity: sha512-t0rzBq87m3fVcduHDUFhKmyyX+9eo6WQjZvf51Ea/M0Q7+T374Jp1aUiyUl0GKxp8M/OETVHSDvmkyPgvX+X2w==}
    engines: {node: '>=10'}
    dev: false

  /undici-types@5.26.5:
    resolution: {integrity: sha512-JlCMO+ehdEIKqlFxk6IfVoAUVmgz7cU7zD/h9XZ0qzeosSHmUJVOzSQvvYSYWXkFXC+IfLKSIffhv0sVZup6pA==}
    dev: false

  /universalify@2.0.1:
    resolution: {integrity: sha512-gptHNQghINnc/vTGIk0SOFGFNXw7JVrlRUtConJRlvaw6DuX0wO5Jeko9sWrMBhh+PsYAZ7oXAiOnf/UKogyiw==}
    engines: {node: '>= 10.0.0'}
    dev: true

  /wrap-ansi@6.2.0:
    resolution: {integrity: sha512-r6lPcBGxZXlIcymEu7InxDMhdW0KDxpLgoFLcguasxCaJ/SOIZwINatK9KY/tf+ZrlywOKU0UDj3ATXUBfxJXA==}
    engines: {node: '>=8'}
    dependencies:
      ansi-styles: 4.3.0
      string-width: 4.2.3
      strip-ansi: 6.0.1
    dev: false

  /yoctocolors-cjs@2.1.2:
    resolution: {integrity: sha512-cYVsTjKl8b+FrnidjibDWskAv7UKOfcwaVZdp/it9n1s9fU3IkgDbhdIRKCW4JDsAlECJY0ytoVPT3sK6kideA==}
    engines: {node: '>=18'}
    dev: false
